// !$*UTF8*$!
{
	archiveVersion = 1;
	classes = {
	};
	objectVersion = 46;
	objects = {

/* Begin PBXBuildFile section */
		E62257ED1F49A65100270A63 /* AppDelegate.swift in Sources */ = {isa = PBXBuildFile; fileRef = E62257EC1F49A65100270A63 /* AppDelegate.swift */; };
		E62257F61F49A65100270A63 /* Assets.xcassets in Resources */ = {isa = PBXBuildFile; fileRef = E62257F51F49A65100270A63 /* Assets.xcassets */; };
		E62257F91F49A65100270A63 /* LaunchScreen.storyboard in Resources */ = {isa = PBXBuildFile; fileRef = E62257F71F49A65100270A63 /* LaunchScreen.storyboard */; };
		E62258041F49A65100270A63 /* GazpachoTests.swift in Sources */ = {isa = PBXBuildFile; fileRef = E62258031F49A65100270A63 /* GazpachoTests.swift */; };
		E62258101F49A80800270A63 /* Settings.swift in Sources */ = {isa = PBXBuildFile; fileRef = E622580F1F49A80800270A63 /* Settings.swift */; };
		E62258121F49A86700270A63 /* Task.swift in Sources */ = {isa = PBXBuildFile; fileRef = E62258111F49A86700270A63 /* Task.swift */; };
		E62258141F49AB5900270A63 /* Main.storyboard in Resources */ = {isa = PBXBuildFile; fileRef = E62258131F49AB5900270A63 /* Main.storyboard */; };
		E62258161F49AFD200270A63 /* TaskViewController.swift in Sources */ = {isa = PBXBuildFile; fileRef = E62258151F49AFD200270A63 /* TaskViewController.swift */; };
		E6255B8B1F5452EC00EF5F12 /* PomodoroTimerViewController.swift in Sources */ = {isa = PBXBuildFile; fileRef = E6255B8A1F5452EC00EF5F12 /* PomodoroTimerViewController.swift */; };
/* End PBXBuildFile section */

/* Begin PBXContainerItemProxy section */
		E62258001F49A65100270A63 /* PBXContainerItemProxy */ = {
			isa = PBXContainerItemProxy;
			containerPortal = E62257E11F49A65100270A63 /* Project object */;
			proxyType = 1;
			remoteGlobalIDString = E62257E81F49A65100270A63;
			remoteInfo = Gazpacho;
		};
/* End PBXContainerItemProxy section */

/* Begin PBXFileReference section */
		E62257E91F49A65100270A63 /* Gazpacho.app */ = {isa = PBXFileReference; explicitFileType = wrapper.application; includeInIndex = 0; path = Gazpacho.app; sourceTree = BUILT_PRODUCTS_DIR; };
		E62257EC1F49A65100270A63 /* AppDelegate.swift */ = {isa = PBXFileReference; lastKnownFileType = sourcecode.swift; path = AppDelegate.swift; sourceTree = "<group>"; };
		E62257F51F49A65100270A63 /* Assets.xcassets */ = {isa = PBXFileReference; lastKnownFileType = folder.assetcatalog; path = Assets.xcassets; sourceTree = "<group>"; };
		E62257F81F49A65100270A63 /* Base */ = {isa = PBXFileReference; lastKnownFileType = file.storyboard; name = Base; path = Base.lproj/LaunchScreen.storyboard; sourceTree = "<group>"; };
		E62257FA1F49A65100270A63 /* Info.plist */ = {isa = PBXFileReference; lastKnownFileType = text.plist.xml; path = Info.plist; sourceTree = "<group>"; };
		E62257FF1F49A65100270A63 /* GazpachoTests.xctest */ = {isa = PBXFileReference; explicitFileType = wrapper.cfbundle; includeInIndex = 0; path = GazpachoTests.xctest; sourceTree = BUILT_PRODUCTS_DIR; };
		E62258031F49A65100270A63 /* GazpachoTests.swift */ = {isa = PBXFileReference; lastKnownFileType = sourcecode.swift; path = GazpachoTests.swift; sourceTree = "<group>"; };
		E62258051F49A65100270A63 /* Info.plist */ = {isa = PBXFileReference; lastKnownFileType = text.plist.xml; path = Info.plist; sourceTree = "<group>"; };
		E622580F1F49A80800270A63 /* Settings.swift */ = {isa = PBXFileReference; fileEncoding = 4; lastKnownFileType = sourcecode.swift; path = Settings.swift; sourceTree = "<group>"; };
		E62258111F49A86700270A63 /* Task.swift */ = {isa = PBXFileReference; fileEncoding = 4; lastKnownFileType = sourcecode.swift; path = Task.swift; sourceTree = "<group>"; };
		E62258131F49AB5900270A63 /* Main.storyboard */ = {isa = PBXFileReference; fileEncoding = 4; lastKnownFileType = file.storyboard; path = Main.storyboard; sourceTree = "<group>"; };
		E62258151F49AFD200270A63 /* TaskViewController.swift */ = {isa = PBXFileReference; fileEncoding = 4; lastKnownFileType = sourcecode.swift; path = TaskViewController.swift; sourceTree = "<group>"; };
		E6255B8A1F5452EC00EF5F12 /* PomodoroTimerViewController.swift */ = {isa = PBXFileReference; fileEncoding = 4; lastKnownFileType = sourcecode.swift; path = PomodoroTimerViewController.swift; sourceTree = "<group>"; };
/* End PBXFileReference section */

/* Begin PBXFrameworksBuildPhase section */
		E62257E61F49A65100270A63 /* Frameworks */ = {
			isa = PBXFrameworksBuildPhase;
			buildActionMask = 2147483647;
			files = (
			);
			runOnlyForDeploymentPostprocessing = 0;
		};
		E62257FC1F49A65100270A63 /* Frameworks */ = {
			isa = PBXFrameworksBuildPhase;
			buildActionMask = 2147483647;
			files = (
			);
			runOnlyForDeploymentPostprocessing = 0;
		};
/* End PBXFrameworksBuildPhase section */

/* Begin PBXGroup section */
		E62257E01F49A65100270A63 = {
			isa = PBXGroup;
			children = (
				E62257EB1F49A65100270A63 /* Gazpacho */,
				E62258021F49A65100270A63 /* GazpachoTests */,
				E62257EA1F49A65100270A63 /* Products */,
			);
			sourceTree = "<group>";
		};
		E62257EA1F49A65100270A63 /* Products */ = {
			isa = PBXGroup;
			children = (
				E62257E91F49A65100270A63 /* Gazpacho.app */,
				E62257FF1F49A65100270A63 /* GazpachoTests.xctest */,
			);
			name = Products;
			sourceTree = "<group>";
		};
		E62257EB1F49A65100270A63 /* Gazpacho */ = {
			isa = PBXGroup;
			children = (
				E62257EC1F49A65100270A63 /* AppDelegate.swift */,
				E62257F51F49A65100270A63 /* Assets.xcassets */,
				E62257F71F49A65100270A63 /* LaunchScreen.storyboard */,
				E62257FA1F49A65100270A63 /* Info.plist */,
				E622580F1F49A80800270A63 /* Settings.swift */,
				E62258111F49A86700270A63 /* Task.swift */,
				E62258131F49AB5900270A63 /* Main.storyboard */,
				E62258151F49AFD200270A63 /* TaskViewController.swift */,
				E6255B8A1F5452EC00EF5F12 /* PomodoroTimerViewController.swift */,
			);
			path = Gazpacho;
			sourceTree = "<group>";
		};
		E62258021F49A65100270A63 /* GazpachoTests */ = {
			isa = PBXGroup;
			children = (
				E62258031F49A65100270A63 /* GazpachoTests.swift */,
				E62258051F49A65100270A63 /* Info.plist */,
			);
			path = GazpachoTests;
			sourceTree = "<group>";
		};
/* End PBXGroup section */

/* Begin PBXNativeTarget section */
		E62257E81F49A65100270A63 /* Gazpacho */ = {
			isa = PBXNativeTarget;
			buildConfigurationList = E62258081F49A65100270A63 /* Build configuration list for PBXNativeTarget "Gazpacho" */;
			buildPhases = (
				E62257E51F49A65100270A63 /* Sources */,
				E62257E61F49A65100270A63 /* Frameworks */,
				E62257E71F49A65100270A63 /* Resources */,
			);
			buildRules = (
			);
			dependencies = (
			);
			name = Gazpacho;
			productName = Gazpacho;
			productReference = E62257E91F49A65100270A63 /* Gazpacho.app */;
			productType = "com.apple.product-type.application";
		};
		E62257FE1F49A65100270A63 /* GazpachoTests */ = {
			isa = PBXNativeTarget;
			buildConfigurationList = E622580B1F49A65100270A63 /* Build configuration list for PBXNativeTarget "GazpachoTests" */;
			buildPhases = (
				E62257FB1F49A65100270A63 /* Sources */,
				E62257FC1F49A65100270A63 /* Frameworks */,
				E62257FD1F49A65100270A63 /* Resources */,
			);
			buildRules = (
			);
			dependencies = (
				E62258011F49A65100270A63 /* PBXTargetDependency */,
			);
			name = GazpachoTests;
			productName = GazpachoTests;
			productReference = E62257FF1F49A65100270A63 /* GazpachoTests.xctest */;
			productType = "com.apple.product-type.bundle.unit-test";
		};
/* End PBXNativeTarget section */

/* Begin PBXProject section */
		E62257E11F49A65100270A63 /* Project object */ = {
			isa = PBXProject;
			attributes = {
				LastSwiftUpdateCheck = 0830;
				LastUpgradeCheck = 0830;
				ORGANIZATIONNAME = "Ian Gilham";
				TargetAttributes = {
					E62257E81F49A65100270A63 = {
						CreatedOnToolsVersion = 8.3.3;
						ProvisioningStyle = Automatic;
					};
					E62257FE1F49A65100270A63 = {
						CreatedOnToolsVersion = 8.3.3;
						ProvisioningStyle = Automatic;
						TestTargetID = E62257E81F49A65100270A63;
					};
				};
			};
			buildConfigurationList = E62257E41F49A65100270A63 /* Build configuration list for PBXProject "Gazpacho" */;
			compatibilityVersion = "Xcode 3.2";
			developmentRegion = English;
			hasScannedForEncodings = 0;
			knownRegions = (
				en,
				Base,
			);
			mainGroup = E62257E01F49A65100270A63;
			productRefGroup = E62257EA1F49A65100270A63 /* Products */;
			projectDirPath = "";
			projectRoot = "";
			targets = (
				E62257E81F49A65100270A63 /* Gazpacho */,
				E62257FE1F49A65100270A63 /* GazpachoTests */,
			);
		};
/* End PBXProject section */

/* Begin PBXResourcesBuildPhase section */
		E62257E71F49A65100270A63 /* Resources */ = {
			isa = PBXResourcesBuildPhase;
			buildActionMask = 2147483647;
			files = (
				E62258141F49AB5900270A63 /* Main.storyboard in Resources */,
				E62257F91F49A65100270A63 /* LaunchScreen.storyboard in Resources */,
				E62257F61F49A65100270A63 /* Assets.xcassets in Resources */,
			);
			runOnlyForDeploymentPostprocessing = 0;
		};
		E62257FD1F49A65100270A63 /* Resources */ = {
			isa = PBXResourcesBuildPhase;
			buildActionMask = 2147483647;
			files = (
			);
			runOnlyForDeploymentPostprocessing = 0;
		};
/* End PBXResourcesBuildPhase section */

/* Begin PBXSourcesBuildPhase section */
		E62257E51F49A65100270A63 /* Sources */ = {
			isa = PBXSourcesBuildPhase;
			buildActionMask = 2147483647;
			files = (
				E6255B8B1F5452EC00EF5F12 /* PomodoroTimerViewController.swift in Sources */,
				E62257ED1F49A65100270A63 /* AppDelegate.swift in Sources */,
				E62258161F49AFD200270A63 /* TaskViewController.swift in Sources */,
				E62258101F49A80800270A63 /* Settings.swift in Sources */,
				E62258121F49A86700270A63 /* Task.swift in Sources */,
			);
			runOnlyForDeploymentPostprocessing = 0;
		};
		E62257FB1F49A65100270A63 /* Sources */ = {
			isa = PBXSourcesBuildPhase;
			buildActionMask = 2147483647;
			files = (
				E62258041F49A65100270A63 /* GazpachoTests.swift in Sources */,
			);
			runOnlyForDeploymentPostprocessing = 0;
		};
/* End PBXSourcesBuildPhase section */

/* Begin PBXTargetDependency section */
		E62258011F49A65100270A63 /* PBXTargetDependency */ = {
			isa = PBXTargetDependency;
			target = E62257E81F49A65100270A63 /* Gazpacho */;
			targetProxy = E62258001F49A65100270A63 /* PBXContainerItemProxy */;
		};
/* End PBXTargetDependency section */

/* Begin PBXVariantGroup section */
		E62257F71F49A65100270A63 /* LaunchScreen.storyboard */ = {
			isa = PBXVariantGroup;
			children = (
				E62257F81F49A65100270A63 /* Base */,
			);
			name = LaunchScreen.storyboard;
			sourceTree = "<group>";
		};
/* End PBXVariantGroup section */

/* Begin XCBuildConfiguration section */
		E62258061F49A65100270A63 /* Debug */ = {
			isa = XCBuildConfiguration;
			buildSettings = {
				ALWAYS_SEARCH_USER_PATHS = NO;
				CLANG_ANALYZER_NONNULL = YES;
				CLANG_ANALYZER_NUMBER_OBJECT_CONVERSION = YES_AGGRESSIVE;
				CLANG_CXX_LANGUAGE_STANDARD = "gnu++0x";
				CLANG_CXX_LIBRARY = "libc++";
				CLANG_ENABLE_MODULES = YES;
				CLANG_ENABLE_OBJC_ARC = YES;
				CLANG_WARN_BOOL_CONVERSION = YES;
				CLANG_WARN_CONSTANT_CONVERSION = YES;
				CLANG_WARN_DIRECT_OBJC_ISA_USAGE = YES_ERROR;
				CLANG_WARN_DOCUMENTATION_COMMENTS = YES;
				CLANG_WARN_EMPTY_BODY = YES;
				CLANG_WARN_ENUM_CONVERSION = YES;
				CLANG_WARN_INFINITE_RECURSION = YES;
				CLANG_WARN_INT_CONVERSION = YES;
				CLANG_WARN_OBJC_ROOT_CLASS = YES_ERROR;
				CLANG_WARN_SUSPICIOUS_MOVE = YES;
				CLANG_WARN_UNREACHABLE_CODE = YES;
				CLANG_WARN__DUPLICATE_METHOD_MATCH = YES;
				"CODE_SIGN_IDENTITY[sdk=iphoneos*]" = "iPhone Developer";
				COPY_PHASE_STRIP = NO;
				DEBUG_INFORMATION_FORMAT = dwarf;
				ENABLE_STRICT_OBJC_MSGSEND = YES;
				ENABLE_TESTABILITY = YES;
				GCC_C_LANGUAGE_STANDARD = gnu99;
				GCC_DYNAMIC_NO_PIC = NO;
				GCC_NO_COMMON_BLOCKS = YES;
				GCC_OPTIMIZATION_LEVEL = 0;
				GCC_PREPROCESSOR_DEFINITIONS = (
					"DEBUG=1",
					"$(inherited)",
				);
				GCC_WARN_64_TO_32_BIT_CONVERSION = YES;
				GCC_WARN_ABOUT_RETURN_TYPE = YES_ERROR;
				GCC_WARN_UNDECLARED_SELECTOR = YES;
				GCC_WARN_UNINITIALIZED_AUTOS = YES_AGGRESSIVE;
				GCC_WARN_UNUSED_FUNCTION = YES;
				GCC_WARN_UNUSED_VARIABLE = YES;
				IPHONEOS_DEPLOYMENT_TARGET = 10.3;
				MTL_ENABLE_DEBUG_INFO = YES;
				ONLY_ACTIVE_ARCH = YES;
				SDKROOT = iphoneos;
				SWIFT_ACTIVE_COMPILATION_CONDITIONS = DEBUG;
				SWIFT_OPTIMIZATION_LEVEL = "-Onone";
				TARGETED_DEVICE_FAMILY = "1,2";
			};
			name = Debug;
		};
		E62258071F49A65100270A63 /* Release */ = {
			isa = XCBuildConfiguration;
			buildSettings = {
				ALWAYS_SEARCH_USER_PATHS = NO;
				CLANG_ANALYZER_NONNULL = YES;
				CLANG_ANALYZER_NUMBER_OBJECT_CONVERSION = YES_AGGRESSIVE;
				CLANG_CXX_LANGUAGE_STANDARD = "gnu++0x";
				CLANG_CXX_LIBRARY = "libc++";
				CLANG_ENABLE_MODULES = YES;
				CLANG_ENABLE_OBJC_ARC = YES;
				CLANG_WARN_BOOL_CONVERSION = YES;
				CLANG_WARN_CONSTANT_CONVERSION = YES;
				CLANG_WARN_DIRECT_OBJC_ISA_USAGE = YES_ERROR;
				CLANG_WARN_DOCUMENTATION_COMMENTS = YES;
				CLANG_WARN_EMPTY_BODY = YES;
				CLANG_WARN_ENUM_CONVERSION = YES;
				CLANG_WARN_INFINITE_RECURSION = YES;
				CLANG_WARN_INT_CONVERSION = YES;
				CLANG_WARN_OBJC_ROOT_CLASS = YES_ERROR;
				CLANG_WARN_SUSPICIOUS_MOVE = YES;
				CLANG_WARN_UNREACHABLE_CODE = YES;
				CLANG_WARN__DUPLICATE_METHOD_MATCH = YES;
				"CODE_SIGN_IDENTITY[sdk=iphoneos*]" = "iPhone Developer";
				COPY_PHASE_STRIP = NO;
				DEBUG_INFORMATION_FORMAT = "dwarf-with-dsym";
				ENABLE_NS_ASSERTIONS = NO;
				ENABLE_STRICT_OBJC_MSGSEND = YES;
				GCC_C_LANGUAGE_STANDARD = gnu99;
				GCC_NO_COMMON_BLOCKS = YES;
				GCC_WARN_64_TO_32_BIT_CONVERSION = YES;
				GCC_WARN_ABOUT_RETURN_TYPE = YES_ERROR;
				GCC_WARN_UNDECLARED_SELECTOR = YES;
				GCC_WARN_UNINITIALIZED_AUTOS = YES_AGGRESSIVE;
				GCC_WARN_UNUSED_FUNCTION = YES;
				GCC_WARN_UNUSED_VARIABLE = YES;
				IPHONEOS_DEPLOYMENT_TARGET = 10.3;
				MTL_ENABLE_DEBUG_INFO = NO;
				SDKROOT = iphoneos;
				SWIFT_OPTIMIZATION_LEVEL = "-Owholemodule";
				TARGETED_DEVICE_FAMILY = "1,2";
				VALIDATE_PRODUCT = YES;
			};
			name = Release;
		};
		E62258091F49A65100270A63 /* Debug */ = {
			isa = XCBuildConfiguration;
			buildSettings = {
				ASSETCATALOG_COMPILER_APPICON_NAME = AppIcon;
				INFOPLIST_FILE = Gazpacho/Info.plist;
				LD_RUNPATH_SEARCH_PATHS = "$(inherited) @executable_path/Frameworks";
				PRODUCT_BUNDLE_IDENTIFIER = IanGilham.Gazpacho;
				PRODUCT_NAME = "$(TARGET_NAME)";
				SWIFT_VERSION = 3.0;
			};
			name = Debug;
		};
		E622580A1F49A65100270A63 /* Release */ = {
			isa = XCBuildConfiguration;
			buildSettings = {
				ASSETCATALOG_COMPILER_APPICON_NAME = AppIcon;
				INFOPLIST_FILE = Gazpacho/Info.plist;
				LD_RUNPATH_SEARCH_PATHS = "$(inherited) @executable_path/Frameworks";
				PRODUCT_BUNDLE_IDENTIFIER = IanGilham.Gazpacho;
				PRODUCT_NAME = "$(TARGET_NAME)";
				SWIFT_VERSION = 3.0;
			};
			name = Release;
		};
		E622580C1F49A65100270A63 /* Debug */ = {
			isa = XCBuildConfiguration;
			buildSettings = {
				ALWAYS_EMBED_SWIFT_STANDARD_LIBRARIES = YES;
				BUNDLE_LOADER = "$(TEST_HOST)";
				INFOPLIST_FILE = GazpachoTests/Info.plist;
				LD_RUNPATH_SEARCH_PATHS = "$(inherited) @executable_path/Frameworks @loader_path/Frameworks";
				PRODUCT_BUNDLE_IDENTIFIER = IanGilham.GazpachoTests;
				PRODUCT_NAME = "$(TARGET_NAME)";
				SWIFT_VERSION = 3.0;
				TEST_HOST = "$(BUILT_PRODUCTS_DIR)/Gazpacho.app/Gazpacho";
			};
			name = Debug;
		};
		E622580D1F49A65100270A63 /* Release */ = {
			isa = XCBuildConfiguration;
			buildSettings = {
				ALWAYS_EMBED_SWIFT_STANDARD_LIBRARIES = YES;
				BUNDLE_LOADER = "$(TEST_HOST)";
				INFOPLIST_FILE = GazpachoTests/Info.plist;
				LD_RUNPATH_SEARCH_PATHS = "$(inherited) @executable_path/Frameworks @loader_path/Frameworks";
				PRODUCT_BUNDLE_IDENTIFIER = IanGilham.GazpachoTests;
				PRODUCT_NAME = "$(TARGET_NAME)";
				SWIFT_VERSION = 3.0;
				TEST_HOST = "$(BUILT_PRODUCTS_DIR)/Gazpacho.app/Gazpacho";
			};
			name = Release;
		};
/* End XCBuildConfiguration section */

/* Begin XCConfigurationList section */
		E62257E41F49A65100270A63 /* Build configuration list for PBXProject "Gazpacho" */ = {
			isa = XCConfigurationList;
			buildConfigurations = (
				E62258061F49A65100270A63 /* Debug */,
				E62258071F49A65100270A63 /* Release */,
			);
			defaultConfigurationIsVisible = 0;
			defaultConfigurationName = Release;
		};
		E62258081F49A65100270A63 /* Build configuration list for PBXNativeTarget "Gazpacho" */ = {
			isa = XCConfigurationList;
			buildConfigurations = (
				E62258091F49A65100270A63 /* Debug */,
				E622580A1F49A65100270A63 /* Release */,
			);
			defaultConfigurationIsVisible = 0;
			defaultConfigurationName = Release;
		};
		E622580B1F49A65100270A63 /* Build configuration list for PBXNativeTarget "GazpachoTests" */ = {
			isa = XCConfigurationList;
			buildConfigurations = (
				E622580C1F49A65100270A63 /* Debug */,
				E622580D1F49A65100270A63 /* Release */,
			);
			defaultConfigurationIsVisible = 0;
			defaultConfigurationName = Release;
		};
/* End XCConfigurationList section */
	};
	rootObject = E62257E11F49A65100270A63 /* Project object */;
}
